
Microsoft Visual Studio Solution File, Format Version 12.00
# Visual Studio Version 17
VisualStudioVersion = 17.7.34221.43
MinimumVisualStudioVersion = 10.0.40219.1
Project("{9A19103F-16F7-4668-BE54-9A1E7A4F7556}") = "CryptoServices.Orders.API", "CryptoServices.Orders.API\CryptoServices.Orders.API.csproj", "{9B16128D-11DC-4C3F-8F43-719026F44088}"
EndProject
Project("{9A19103F-16F7-4668-BE54-9A1E7A4F7556}") = "CryptoServices.Orders.Infrastructure", "CryptoServices.Orders.Infrastructure\CryptoServices.Orders.Infrastructure.csproj", "{B5022884-ECEB-4F18-8C5A-4D498B7A48E3}"
EndProject
Project("{9A19103F-16F7-4668-BE54-9A1E7A4F7556}") = "CryptoServices.Data", "CryptoServices.Data\CryptoServices.Data.csproj", "{5E0E1ADF-E1A7-465A-A969-A12770050148}"
EndProject
Project("{9A19103F-16F7-4668-BE54-9A1E7A4F7556}") = "CryptoServices.Shared", "CryptoServices.Shared\CryptoServices.Shared.csproj", "{B9FB2AEE-6CEE-430F-98D8-3486943FCAAE}"
EndProject
Global
	GlobalSection(SolutionConfigurationPlatforms) = preSolution
		Debug|Any CPU = Debug|Any CPU
		Release|Any CPU = Release|Any CPU
	EndGlobalSection
	GlobalSection(ProjectConfigurationPlatforms) = postSolution
		{9B16128D-11DC-4C3F-8F43-719026F44088}.Debug|Any CPU.ActiveCfg = Debug|Any CPU
		{9B16128D-11DC-4C3F-8F43-719026F44088}.Debug|Any CPU.Build.0 = Debug|Any CPU
		{9B16128D-11DC-4C3F-8F43-719026F44088}.Release|Any CPU.ActiveCfg = Release|Any CPU
		{9B16128D-11DC-4C3F-8F43-719026F44088}.Release|Any CPU.Build.0 = Release|Any CPU
		{B5022884-ECEB-4F18-8C5A-4D498B7A48E3}.Debug|Any CPU.ActiveCfg = Debug|Any CPU
		{B5022884-ECEB-4F18-8C5A-4D498B7A48E3}.Debug|Any CPU.Build.0 = Debug|Any CPU
		{B5022884-ECEB-4F18-8C5A-4D498B7A48E3}.Release|Any CPU.ActiveCfg = Release|Any CPU
		{B5022884-ECEB-4F18-8C5A-4D498B7A48E3}.Release|Any CPU.Build.0 = Release|Any CPU
		{5E0E1ADF-E1A7-465A-A969-A12770050148}.Debug|Any CPU.ActiveCfg = Debug|Any CPU
		{5E0E1ADF-E1A7-465A-A969-A12770050148}.Debug|Any CPU.Build.0 = Debug|Any CPU
		{5E0E1ADF-E1A7-465A-A969-A12770050148}.Release|Any CPU.ActiveCfg = Release|Any CPU
		{5E0E1ADF-E1A7-465A-A969-A12770050148}.Release|Any CPU.Build.0 = Release|Any CPU
		{B9FB2AEE-6CEE-430F-98D8-3486943FCAAE}.Debug|Any CPU.ActiveCfg = Debug|Any CPU
		{B9FB2AEE-6CEE-430F-98D8-3486943FCAAE}.Debug|Any CPU.Build.0 = Debug|Any CPU
		{B9FB2AEE-6CEE-430F-98D8-3486943FCAAE}.Release|Any CPU.ActiveCfg = Release|Any CPU
		{B9FB2AEE-6CEE-430F-98D8-3486943FCAAE}.Release|Any CPU.Build.0 = Release|Any CPU
	EndGlobalSection
	GlobalSection(SolutionProperties) = preSolution
		HideSolutionNode = FALSE
	EndGlobalSection
	GlobalSection(ExtensibilityGlobals) = postSolution
		SolutionGuid = {C2F8A164-8A4A-4D2E-97C4-46386FEF9EF4}
	EndGlobalSection
EndGlobal
